version = 1
requires-python = ">=3.11"

[[package]]
name = "editdistance"
version = "0.8.1"
source = { registry = "https://pypi.org/simple" }
sdist = { url = "https://files.pythonhosted.org/packages/d5/18/9f4f975ca87a390832b1c22478f3702fcdf739f83211e24d054b7551270d/editdistance-0.8.1.tar.gz", hash = "sha256:d1cdf80a5d5014b0c9126a69a42ce55a457b457f6986ff69ca98e4fe4d2d8fed", size = 50006 }
wheels = [
    { url = "https://files.pythonhosted.org/packages/e2/dc/d0c29fd52d8f9e795653ed2b838a2a48c739cdfff04ac5b79c6c0ecbdf79/editdistance-0.8.1-cp311-cp311-macosx_10_9_universal2.whl", hash = "sha256:486105603a273d73d12a54f347dffa70ab281749d7c3879658b377bc49e4b98c", size = 106079 },
    { url = "https://files.pythonhosted.org/packages/b4/c6/75fa45d7b78fbea6fd894f4e48895a75bd3c83d4a9a6b57673881d74d3e0/editdistance-0.8.1-cp311-cp311-macosx_10_9_x86_64.whl", hash = "sha256:fad081f5f86a175c1a09a4e9e45b95c9349e454c21e181e842e01c85f1f536fc", size = 80580 },
    { url = "https://files.pythonhosted.org/packages/b7/a3/058d823b6285c3511dc94ed80620c3fb0c18b4aaa708f70ba71f3af28436/editdistance-0.8.1-cp311-cp311-macosx_11_0_arm64.whl", hash = "sha256:8cb78e125f6759398885a775f5eed07c2bb72b2f86da43e674c6b6a3335b273b", size = 79087 },
    { url = "https://files.pythonhosted.org/packages/a0/3a/0b13c7864c93b1e9b9952bd2a33c5ef3c4fd1bf70a5fad6924789e70e5eb/editdistance-0.8.1-cp311-cp311-manylinux_2_17_aarch64.manylinux2014_aarch64.whl", hash = "sha256:3778ca60aa89def9144b70e330bcec5330c7da1d69cb28c612e90b84510a1d3d", size = 409296 },
    { url = "https://files.pythonhosted.org/packages/96/8a/db0fd79e8ddb9b5f86f274107c5d0a27ec4f2af88877df1f26c2c6d150cc/editdistance-0.8.1-cp311-cp311-manylinux_2_17_x86_64.manylinux2014_x86_64.whl", hash = "sha256:fba945eaa0436cf40bc53d7e299dc537c7c71353379a095b7459ff4af910da33", size = 412913 },
    { url = "https://files.pythonhosted.org/packages/0d/d2/98be7112750ff17b436dd76f988f1e38570dcec0df8578ee19ef046f22fe/editdistance-0.8.1-cp311-cp311-manylinux_2_5_i686.manylinux1_i686.manylinux_2_17_i686.manylinux2014_i686.whl", hash = "sha256:877f2a0d801f32bc1a1878901ffb947b974361e849c66e314a7f1d786a446b58", size = 407430 },
    { url = "https://files.pythonhosted.org/packages/03/62/1815e3bf164910c47ba1948c8b5e937a40c7f9763b64e98fb6666b01dd06/editdistance-0.8.1-cp311-cp311-musllinux_1_1_aarch64.whl", hash = "sha256:e79d351ca40a6ead5f3763253fd7521572ee0d3e5d42538630e56d10f48db481", size = 909217 },
    { url = "https://files.pythonhosted.org/packages/0c/d3/a832cea7b507a9be54e4ac3d1340fb66dca5f9c16c70bf38d5039e8fdede/editdistance-0.8.1-cp311-cp311-musllinux_1_1_i686.whl", hash = "sha256:70ed382b3052a51161bad0149d4665003bf3b949fce0b01bf1253a4cc1a88239", size = 969407 },
    { url = "https://files.pythonhosted.org/packages/a3/b4/db291d2a3845cbf8047b4b5aad3b3e038a8a2994d87027b40e1a1b0f4b74/editdistance-0.8.1-cp311-cp311-musllinux_1_1_x86_64.whl", hash = "sha256:a529bfb384c4000775d76739c4e64f73337f0f5a3784933b1321b577a62bed4e", size = 922112 },
    { url = "https://files.pythonhosted.org/packages/c4/26/7ddeacada4982d0b892a28897e21871d0f25bca165e3663e37c3a272808a/editdistance-0.8.1-cp311-cp311-win32.whl", hash = "sha256:b082232429e731f181af7f7d2bcf79da6ca8fadd04e9086c11e2973f7d330c81", size = 80799 },
    { url = "https://files.pythonhosted.org/packages/52/a1/778af8590b8b12f03f62eacc3c8744407ade9e3d69be6dabe38d0afbf2dd/editdistance-0.8.1-cp311-cp311-win_amd64.whl", hash = "sha256:cef1a4359252a49f2c4718e64e9d40027d9d951b289d045bdb278656e59f6af8", size = 79698 },
    { url = "https://files.pythonhosted.org/packages/cb/4c/7f195588949b4e72436dc7fc902632381f96e586af829685b56daebb38b8/editdistance-0.8.1-cp312-cp312-macosx_10_9_universal2.whl", hash = "sha256:b04af61b3fcdd287a07c15b6ae3b02af01c5e3e9c3aca76b8c1d13bd266b6f57", size = 106723 },
    { url = "https://files.pythonhosted.org/packages/8d/82/31dc1640d830cd7d36865098329f34e4dad3b77f31cfb9404b347e700196/editdistance-0.8.1-cp312-cp312-macosx_10_9_x86_64.whl", hash = "sha256:18fc8b6eaae01bfd9cf999af726c1e8dcf667d120e81aa7dbd515bea7427f62f", size = 80998 },
    { url = "https://files.pythonhosted.org/packages/ea/2a/6b823e71cef694d6f070a1d82be2842706fa193541aab8856a8f42044cd0/editdistance-0.8.1-cp312-cp312-macosx_11_0_arm64.whl", hash = "sha256:6a87839450a5987028738d061ffa5ef6a68bac2ddc68c9147a8aae9806629c7f", size = 79248 },
    { url = "https://files.pythonhosted.org/packages/e1/31/bfb8e590f922089dc3471ed7828a6da2fc9453eba38c332efa9ee8749fd7/editdistance-0.8.1-cp312-cp312-manylinux_2_17_aarch64.manylinux2014_aarch64.whl", hash = "sha256:24b5f9c9673c823d91b5973d0af8b39f883f414a55ade2b9d097138acd10f31e", size = 415262 },
    { url = "https://files.pythonhosted.org/packages/a9/c7/57423942b2f847cdbbb46494568d00cd8a45500904ea026f0aad6ca01bc7/editdistance-0.8.1-cp312-cp312-manylinux_2_17_x86_64.manylinux2014_x86_64.whl", hash = "sha256:c59248eabfad603f0fba47b0c263d5dc728fb01c2b6b50fb6ca187cec547fdb3", size = 418905 },
    { url = "https://files.pythonhosted.org/packages/1b/05/dfa4cdcce063596cbf0d7a32c46cd0f4fa70980311b7da64d35f33ad02a0/editdistance-0.8.1-cp312-cp312-manylinux_2_5_i686.manylinux1_i686.manylinux_2_17_i686.manylinux2014_i686.whl", hash = "sha256:84e239d88ff52821cf64023fabd06a1d9a07654f364b64bf1284577fd3a79d0e", size = 412511 },
    { url = "https://files.pythonhosted.org/packages/0e/14/39608ff724a9523f187c4e28926d78bc68f2798f74777ac6757981108345/editdistance-0.8.1-cp312-cp312-musllinux_1_1_aarch64.whl", hash = "sha256:2f7f71698f83e8c83839ac0d876a0f4ef996c86c5460aebd26d85568d4afd0db", size = 917293 },
    { url = "https://files.pythonhosted.org/packages/df/92/4a1c61d72da40dedfd0ff950fdc71ae83f478330c58a8bccfd776518bd67/editdistance-0.8.1-cp312-cp312-musllinux_1_1_i686.whl", hash = "sha256:04e229d6f4ce0c12abc9f4cd4023a5b5fa9620226e0207b119c3c2778b036250", size = 975580 },
    { url = "https://files.pythonhosted.org/packages/47/3d/9877566e724c8a37f2228a84ec5cbf66dbfd0673515baf68a0fe07caff40/editdistance-0.8.1-cp312-cp312-musllinux_1_1_x86_64.whl", hash = "sha256:e16721636da6d6b68a2c09eaced35a94f4a4a704ec09f45756d4fd5e128ed18d", size = 929121 },
    { url = "https://files.pythonhosted.org/packages/d2/f5/8c50757d198b8ca30ddb91e8b8f0247a8dca04ff2ec30755245f0ab1ff0c/editdistance-0.8.1-cp312-cp312-win32.whl", hash = "sha256:87533cf2ebc3777088d991947274cd7e1014b9c861a8aa65257bcdc0ee492526", size = 81039 },
    { url = "https://files.pythonhosted.org/packages/28/f0/65101e51dc7c850e7b7581a5d8fa8721a1d7479a0dca6c08386328e19882/editdistance-0.8.1-cp312-cp312-win_amd64.whl", hash = "sha256:09f01ed51746d90178af7dd7ea4ebb41497ef19f53c7f327e864421743dffb0a", size = 79853 },
]

[[package]]
name = "editspeed"
version = "0.1.0"
source = { virtual = "." }
dependencies = [
    { name = "editdistance" },
    { name = "ptterm" },
]

[package.metadata]
requires-dist = [
    { name = "editdistance", specifier = ">=0.8.1" },
    { name = "ptterm", specifier = ">=0.2" },
]

[[package]]
name = "prompt-toolkit"
version = "2.0.10"
source = { registry = "https://pypi.org/simple" }
dependencies = [
    { name = "six" },
    { name = "wcwidth" },
]
sdist = { url = "https://files.pythonhosted.org/packages/0c/37/7ad3bf3c6dbe96facf9927ddf066fdafa0f86766237cff32c3c7355d3b7c/prompt_toolkit-2.0.10.tar.gz", hash = "sha256:f15af68f66e664eaa559d4ac8a928111eebd5feda0c11738b5998045224829db", size = 347981 }
wheels = [
    { url = "https://files.pythonhosted.org/packages/87/61/2dfea88583d5454e3a64f9308a686071d58d59a55db638268a6413e1eb6d/prompt_toolkit-2.0.10-py3-none-any.whl", hash = "sha256:46642344ce457641f28fc9d1c9ca939b63dadf8df128b86f1b9860e59c73a5e4", size = 340048 },
]

[[package]]
name = "ptterm"
version = "0.2"
source = { registry = "https://pypi.org/simple" }
dependencies = [
    { name = "prompt-toolkit" },
    { name = "pyte" },
    { name = "six" },
]
sdist = { url = "https://files.pythonhosted.org/packages/3c/23/792677e3a8a68e86849ac116ceb9bcfa70f83681f491934f99d04f663968/ptterm-0.2.tar.gz", hash = "sha256:a4f846fbf5d9f302a5442c8607d29b31beab08adb72ab34605085a7c55eb117a", size = 27474 }
wheels = [
    { url = "https://files.pythonhosted.org/packages/05/7c/6db53ec6947b26441a55a79726e42668e268685431078991a52d0fffce42/ptterm-0.2-py3-none-any.whl", hash = "sha256:848f397bf48bc0ac6bad8ed0400eb333d9f731eee6bba02415110231dd57970d", size = 33408 },
]

[[package]]
name = "pyte"
version = "0.8.2"
source = { registry = "https://pypi.org/simple" }
dependencies = [
    { name = "wcwidth" },
]
sdist = { url = "https://files.pythonhosted.org/packages/ab/ab/b599762933eba04de7dc5b31ae083112a6c9a9db15b01d3109ad797559d9/pyte-0.8.2.tar.gz", hash = "sha256:5af970e843fa96a97149d64e170c984721f20e52227a2f57f0a54207f08f083f", size = 92301 }
wheels = [
    { url = "https://files.pythonhosted.org/packages/59/d0/bb522283b90853afbf506cd5b71c650cf708829914efd0003d615cf426cd/pyte-0.8.2-py3-none-any.whl", hash = "sha256:85db42a35798a5aafa96ac4d8da78b090b2c933248819157fc0e6f78876a0135", size = 31627 },
]

[[package]]
name = "six"
version = "1.16.0"
source = { registry = "https://pypi.org/simple" }
sdist = { url = "https://files.pythonhosted.org/packages/71/39/171f1c67cd00715f190ba0b100d606d440a28c93c7714febeca8b79af85e/six-1.16.0.tar.gz", hash = "sha256:1e61c37477a1626458e36f7b1d82aa5c9b094fa4802892072e49de9c60c4c926", size = 34041 }
wheels = [
    { url = "https://files.pythonhosted.org/packages/d9/5a/e7c31adbe875f2abbb91bd84cf2dc52d792b5a01506781dbcf25c91daf11/six-1.16.0-py2.py3-none-any.whl", hash = "sha256:8abb2f1d86890a2dfb989f9a77cfcfd3e47c2a354b01111771326f8aa26e0254", size = 11053 },
]

[[package]]
name = "wcwidth"
version = "0.2.13"
source = { registry = "https://pypi.org/simple" }
sdist = { url = "https://files.pythonhosted.org/packages/6c/63/53559446a878410fc5a5974feb13d31d78d752eb18aeba59c7fef1af7598/wcwidth-0.2.13.tar.gz", hash = "sha256:72ea0c06399eb286d978fdedb6923a9eb47e1c486ce63e9b4e64fc18303972b5", size = 101301 }
wheels = [
    { url = "https://files.pythonhosted.org/packages/fd/84/fd2ba7aafacbad3c4201d395674fc6348826569da3c0937e75505ead3528/wcwidth-0.2.13-py2.py3-none-any.whl", hash = "sha256:3da69048e4540d84af32131829ff948f1e022c1c6bdb8d6102117aac784f6859", size = 34166 },
]
